{
    "version": 3,
    "terraform_version": "0.11.2",
    "serial": 13,
    "lineage": "06b77e94-8419-4bc4-be82-c6b8364bd7e1",
    "modules": [
        {
            "path": [
                "root"
            ],
            "outputs": {},
            "resources": {
                "aws_default_route_table.wp_private_rt": {
                    "type": "aws_default_route_table",
                    "depends_on": [
                        "aws_vpc.wp_vpc"
                    ],
                    "primary": {
                        "id": "rtb-07b6a21cc42aefa2e",
                        "attributes": {
                            "default_route_table_id": "rtb-07b6a21cc42aefa2e",
                            "id": "rtb-07b6a21cc42aefa2e",
                            "propagating_vgws.#": "0",
                            "route.#": "0",
                            "tags.%": "1",
                            "tags.Name": "wp_private-rt",
                            "vpc_id": "vpc-08dcceb932c878f08"
                        },
                        "meta": {},
                        "tainted": false
                    },
                    "deposed": [],
                    "provider": "provider.aws"
                },
                "aws_elb.wp_elb": {
                    "type": "aws_elb",
                    "depends_on": [
                        "aws_security_group.wp_public_sg",
                        "aws_subnet.wp_public1_subnet",
                        "aws_subnet.wp_public2_subnet"
                    ],
                    "primary": {
                        "id": "himandevops-elb",
                        "attributes": {
                            "access_logs.#": "0",
                            "arn": "arn:aws:elasticloadbalancing:us-east-1:081499153638:loadbalancer/himandevops-elb",
                            "availability_zones.#": "2",
                            "availability_zones.1305112097": "us-east-1b",
                            "availability_zones.3569565595": "us-east-1a",
                            "connection_draining": "false",
                            "connection_draining_timeout": "400",
                            "cross_zone_load_balancing": "true",
                            "dns_name": "himandevops-elb-644496472.us-east-1.elb.amazonaws.com",
                            "health_check.#": "1",
                            "health_check.0.healthy_threshold": "2",
                            "health_check.0.interval": "30",
                            "health_check.0.target": "TCP:80",
                            "health_check.0.timeout": "3",
                            "health_check.0.unhealthy_threshold": "2",
                            "id": "himandevops-elb",
                            "idle_timeout": "400",
                            "instances.#": "0",
                            "internal": "false",
                            "listener.#": "1",
                            "listener.1092403652.instance_port": "8080",
                            "listener.1092403652.instance_protocol": "http",
                            "listener.1092403652.lb_port": "8080",
                            "listener.1092403652.lb_protocol": "http",
                            "listener.1092403652.ssl_certificate_id": "",
                            "name": "himandevops-elb",
                            "security_groups.#": "1",
                            "security_groups.1012147361": "sg-07222787e67828f7a",
                            "source_security_group": "081499153638/wp_public_sg",
                            "source_security_group_id": "sg-07222787e67828f7a",
                            "subnets.#": "2",
                            "subnets.1320863550": "subnet-06904e349c4a3f07d",
                            "subnets.2634830971": "subnet-03b8078b11132c026",
                            "tags.%": "1",
                            "tags.Name": "himandevops-elb",
                            "zone_id": "Z35SXDOTRQ7X7K"
                        },
                        "meta": {},
                        "tainted": false
                    },
                    "deposed": [],
                    "provider": "provider.aws"
                },
                "aws_instance.wp_dev": {
                    "type": "aws_instance",
                    "depends_on": [
                        "aws_key_pair.wp_auth",
                        "aws_security_group.wp_dev_sg",
                        "aws_subnet.wp_public1_subnet"
                    ],
                    "primary": {
                        "id": "i-036a749cda67a64eb",
                        "attributes": {
                            "ami": "ami-0c6b1d09930fac512",
                            "associate_public_ip_address": "true",
                            "availability_zone": "us-east-1a",
                            "disable_api_termination": "false",
                            "ebs_block_device.#": "0",
                            "ebs_optimized": "false",
                            "ephemeral_block_device.#": "0",
                            "get_password_data": "false",
                            "iam_instance_profile": "",
                            "id": "i-036a749cda67a64eb",
                            "instance_state": "running",
                            "instance_type": "t2.micro",
                            "ipv6_addresses.#": "0",
                            "key_name": "ironman",
                            "monitoring": "false",
                            "network_interface.#": "0",
                            "network_interface_id": "eni-0a7285b7d077af308",
                            "password_data": "",
                            "placement_group": "",
                            "primary_network_interface_id": "eni-0a7285b7d077af308",
                            "private_dns": "ip-10-0-1-16.ec2.internal",
                            "private_ip": "10.0.1.16",
                            "public_dns": "ec2-54-174-201-85.compute-1.amazonaws.com",
                            "public_ip": "54.174.201.85",
                            "root_block_device.#": "1",
                            "root_block_device.0.delete_on_termination": "true",
                            "root_block_device.0.iops": "100",
                            "root_block_device.0.volume_id": "vol-04b08fa651f2bf182",
                            "root_block_device.0.volume_size": "8",
                            "root_block_device.0.volume_type": "gp2",
                            "security_groups.#": "0",
                            "source_dest_check": "true",
                            "subnet_id": "subnet-06904e349c4a3f07d",
                            "tags.%": "1",
                            "tags.Name": "wp_dev",
                            "tenancy": "default",
                            "volume_tags.%": "0",
                            "vpc_security_group_ids.#": "1",
                            "vpc_security_group_ids.3111203401": "sg-05eeff5fd172c6132"
                        },
                        "meta": {
                            "e2bfb730-ecaa-11e6-8f88-34363bc7c4c0": {
                                "create": 600000000000,
                                "delete": 1200000000000,
                                "update": 600000000000
                            },
                            "schema_version": "1"
                        },
                        "tainted": true
                    },
                    "deposed": [],
                    "provider": "provider.aws"
                },
                "aws_internet_gateway.wp_internet_gateway": {
                    "type": "aws_internet_gateway",
                    "depends_on": [
                        "aws_vpc.wp_vpc"
                    ],
                    "primary": {
                        "id": "igw-08f649c0c9a813c7e",
                        "attributes": {
                            "id": "igw-08f649c0c9a813c7e",
                            "tags.%": "1",
                            "tags.Name": "wp_igw",
                            "vpc_id": "vpc-08dcceb932c878f08"
                        },
                        "meta": {},
                        "tainted": false
                    },
                    "deposed": [],
                    "provider": "provider.aws"
                },
                "aws_key_pair.wp_auth": {
                    "type": "aws_key_pair",
                    "depends_on": [],
                    "primary": {
                        "id": "ironman",
                        "attributes": {
                            "fingerprint": "2e:79:0a:fa:c9:80:13:a8:f3:44:a4:ba:d7:81:9d:24",
                            "id": "ironman",
                            "key_name": "ironman",
                            "public_key": "ssh-rsa AAAAB3NzaC1yc2EAAAADAQABAAABAQDm8+29jAITUBLYRErD6afA3xYIhPn/FaKCYHmsgas6zv4dGrtX+vAjPfMzotd0bX7W7Zd3t0myJRLwPZNbxKcZdtHuLpwAVN7mpv2BPpU1oi1av5AwVLJ+gHifhazNAh+2SBzRPR7q0CeMKC8wix/kvSY5UVzEkV2qys7fVAI3sTDuP+iIPA9qElM2dbsme8uypVWwobvcePQtR1BcRIeTCSGDqH7JPzAxfcxHtUkeRbxD9EFesCVvrKjrsT0qbzZKHWBMoo+FDgABujDai+x6ednYJh3Ez7m2nJ0JN/YUTziw8jYZv9dRoBMGbLMW+Tv/sFnXtIiTImSdj9x120fr root@ip-172-31-90-173"
                        },
                        "meta": {
                            "schema_version": "1"
                        },
                        "tainted": false
                    },
                    "deposed": [],
                    "provider": "provider.aws"
                },
                "aws_route53_record.www": {
                    "type": "aws_route53_record",
                    "depends_on": [
                        "aws_elb.wp_elb",
                        "aws_route53_zone.primary"
                    ],
                    "primary": {
                        "id": "Z14RQ6JTPZEWUM_www.himandevops.website_A",
                        "attributes": {
                            "alias.#": "1",
                            "alias.343398118.evaluate_target_health": "false",
                            "alias.343398118.name": "himandevops-elb-644496472.us-east-1.elb.amazonaws.com",
                            "alias.343398118.zone_id": "Z35SXDOTRQ7X7K",
                            "allow_overwrite": "true",
                            "fqdn": "www.himandevops.website",
                            "health_check_id": "",
                            "id": "Z14RQ6JTPZEWUM_www.himandevops.website_A",
                            "name": "www.himandevops.website",
                            "records.#": "0",
                            "set_identifier": "",
                            "ttl": "0",
                            "type": "A",
                            "zone_id": "Z14RQ6JTPZEWUM"
                        },
                        "meta": {
                            "schema_version": "2"
                        },
                        "tainted": false
                    },
                    "deposed": [],
                    "provider": "provider.aws"
                },
                "aws_route53_zone.primary": {
                    "type": "aws_route53_zone",
                    "depends_on": [],
                    "primary": {
                        "id": "Z14RQ6JTPZEWUM",
                        "attributes": {
                            "comment": "Managed by Terraform",
                            "delegation_set_id": "N12F61JF48GZP2",
                            "force_destroy": "false",
                            "id": "Z14RQ6JTPZEWUM",
                            "name": "himandevops.website",
                            "name_servers.#": "4",
                            "name_servers.0": "ns-1055.awsdns-03.org",
                            "name_servers.1": "ns-1611.awsdns-09.co.uk",
                            "name_servers.2": "ns-283.awsdns-35.com",
                            "name_servers.3": "ns-828.awsdns-39.net",
                            "tags.%": "0",
                            "zone_id": "Z14RQ6JTPZEWUM"
                        },
                        "meta": {},
                        "tainted": false
                    },
                    "deposed": [],
                    "provider": "provider.aws"
                },
                "aws_route_table.wp_public_rt": {
                    "type": "aws_route_table",
                    "depends_on": [
                        "aws_internet_gateway.wp_internet_gateway",
                        "aws_vpc.wp_vpc"
                    ],
                    "primary": {
                        "id": "rtb-075957d0a124b3d94",
                        "attributes": {
                            "id": "rtb-075957d0a124b3d94",
                            "propagating_vgws.#": "0",
                            "route.#": "1",
                            "route.4256465373.cidr_block": "0.0.0.0/0",
                            "route.4256465373.egress_only_gateway_id": "",
                            "route.4256465373.gateway_id": "igw-08f649c0c9a813c7e",
                            "route.4256465373.instance_id": "",
                            "route.4256465373.ipv6_cidr_block": "",
                            "route.4256465373.nat_gateway_id": "",
                            "route.4256465373.network_interface_id": "",
                            "route.4256465373.vpc_peering_connection_id": "",
                            "tags.%": "1",
                            "tags.Name": "wp_public_rt",
                            "vpc_id": "vpc-08dcceb932c878f08"
                        },
                        "meta": {},
                        "tainted": false
                    },
                    "deposed": [],
                    "provider": "provider.aws"
                },
                "aws_route_table_association.wp_private1_assoc": {
                    "type": "aws_route_table_association",
                    "depends_on": [
                        "aws_default_route_table.wp_private_rt",
                        "aws_subnet.wp_private1_subnet"
                    ],
                    "primary": {
                        "id": "rtbassoc-07c225394b3c98b28",
                        "attributes": {
                            "id": "rtbassoc-07c225394b3c98b28",
                            "route_table_id": "rtb-07b6a21cc42aefa2e",
                            "subnet_id": "subnet-07563074add3ed9e9"
                        },
                        "meta": {},
                        "tainted": false
                    },
                    "deposed": [],
                    "provider": "provider.aws"
                },
                "aws_route_table_association.wp_private2_assoc": {
                    "type": "aws_route_table_association",
                    "depends_on": [
                        "aws_default_route_table.wp_private_rt",
                        "aws_subnet.wp_private2_subnet"
                    ],
                    "primary": {
                        "id": "rtbassoc-0274a6bf0c5a8ef58",
                        "attributes": {
                            "id": "rtbassoc-0274a6bf0c5a8ef58",
                            "route_table_id": "rtb-07b6a21cc42aefa2e",
                            "subnet_id": "subnet-0f1fca74246e31c33"
                        },
                        "meta": {},
                        "tainted": false
                    },
                    "deposed": [],
                    "provider": "provider.aws"
                },
                "aws_route_table_association.wp_public1_assoc": {
                    "type": "aws_route_table_association",
                    "depends_on": [
                        "aws_route_table.wp_public_rt",
                        "aws_subnet.wp_public1_subnet"
                    ],
                    "primary": {
                        "id": "rtbassoc-06d145edab1c2e3a2",
                        "attributes": {
                            "id": "rtbassoc-06d145edab1c2e3a2",
                            "route_table_id": "rtb-075957d0a124b3d94",
                            "subnet_id": "subnet-06904e349c4a3f07d"
                        },
                        "meta": {},
                        "tainted": false
                    },
                    "deposed": [],
                    "provider": "provider.aws"
                },
                "aws_route_table_association.wp_public2_assoc": {
                    "type": "aws_route_table_association",
                    "depends_on": [
                        "aws_route_table.wp_public_rt",
                        "aws_subnet.wp_public2_subnet"
                    ],
                    "primary": {
                        "id": "rtbassoc-063384581f445b39d",
                        "attributes": {
                            "id": "rtbassoc-063384581f445b39d",
                            "route_table_id": "rtb-075957d0a124b3d94",
                            "subnet_id": "subnet-03b8078b11132c026"
                        },
                        "meta": {},
                        "tainted": false
                    },
                    "deposed": [],
                    "provider": "provider.aws"
                },
                "aws_security_group.wp_dev_sg": {
                    "type": "aws_security_group",
                    "depends_on": [
                        "aws_vpc.wp_vpc"
                    ],
                    "primary": {
                        "id": "sg-05eeff5fd172c6132",
                        "attributes": {
                            "arn": "arn:aws:ec2:us-east-1:081499153638:security-group/sg-05eeff5fd172c6132",
                            "description": "Access to dev instance",
                            "egress.#": "1",
                            "egress.482069346.cidr_blocks.#": "1",
                            "egress.482069346.cidr_blocks.0": "0.0.0.0/0",
                            "egress.482069346.description": "",
                            "egress.482069346.from_port": "0",
                            "egress.482069346.ipv6_cidr_blocks.#": "0",
                            "egress.482069346.prefix_list_ids.#": "0",
                            "egress.482069346.protocol": "-1",
                            "egress.482069346.security_groups.#": "0",
                            "egress.482069346.self": "false",
                            "egress.482069346.to_port": "0",
                            "id": "sg-05eeff5fd172c6132",
                            "ingress.#": "2",
                            "ingress.4072583652.cidr_blocks.#": "1",
                            "ingress.4072583652.cidr_blocks.0": "3.84.195.93/32",
                            "ingress.4072583652.description": "",
                            "ingress.4072583652.from_port": "80",
                            "ingress.4072583652.ipv6_cidr_blocks.#": "0",
                            "ingress.4072583652.protocol": "tcp",
                            "ingress.4072583652.security_groups.#": "0",
                            "ingress.4072583652.self": "false",
                            "ingress.4072583652.to_port": "8080",
                            "ingress.621365520.cidr_blocks.#": "1",
                            "ingress.621365520.cidr_blocks.0": "3.84.195.93/32",
                            "ingress.621365520.description": "",
                            "ingress.621365520.from_port": "22",
                            "ingress.621365520.ipv6_cidr_blocks.#": "0",
                            "ingress.621365520.protocol": "tcp",
                            "ingress.621365520.security_groups.#": "0",
                            "ingress.621365520.self": "false",
                            "ingress.621365520.to_port": "22",
                            "name": "wp_dev_sg",
                            "owner_id": "081499153638",
                            "revoke_rules_on_delete": "false",
                            "tags.%": "0",
                            "vpc_id": "vpc-08dcceb932c878f08"
                        },
                        "meta": {
                            "e2bfb730-ecaa-11e6-8f88-34363bc7c4c0": {
                                "create": 600000000000,
                                "delete": 600000000000
                            },
                            "schema_version": "1"
                        },
                        "tainted": false
                    },
                    "deposed": [],
                    "provider": "provider.aws"
                },
                "aws_security_group.wp_private_sg": {
                    "type": "aws_security_group",
                    "depends_on": [
                        "aws_vpc.wp_vpc"
                    ],
                    "primary": {
                        "id": "sg-01eca44c093672053",
                        "attributes": {
                            "arn": "arn:aws:ec2:us-east-1:081499153638:security-group/sg-01eca44c093672053",
                            "description": "VPC access Access",
                            "egress.#": "1",
                            "egress.482069346.cidr_blocks.#": "1",
                            "egress.482069346.cidr_blocks.0": "0.0.0.0/0",
                            "egress.482069346.description": "",
                            "egress.482069346.from_port": "0",
                            "egress.482069346.ipv6_cidr_blocks.#": "0",
                            "egress.482069346.prefix_list_ids.#": "0",
                            "egress.482069346.protocol": "-1",
                            "egress.482069346.security_groups.#": "0",
                            "egress.482069346.self": "false",
                            "egress.482069346.to_port": "0",
                            "id": "sg-01eca44c093672053",
                            "ingress.#": "1",
                            "ingress.1960698028.cidr_blocks.#": "1",
                            "ingress.1960698028.cidr_blocks.0": "10.0.0.0/16",
                            "ingress.1960698028.description": "",
                            "ingress.1960698028.from_port": "0",
                            "ingress.1960698028.ipv6_cidr_blocks.#": "0",
                            "ingress.1960698028.protocol": "-1",
                            "ingress.1960698028.security_groups.#": "0",
                            "ingress.1960698028.self": "false",
                            "ingress.1960698028.to_port": "0",
                            "name": "wp_private_sg",
                            "owner_id": "081499153638",
                            "revoke_rules_on_delete": "false",
                            "tags.%": "0",
                            "vpc_id": "vpc-08dcceb932c878f08"
                        },
                        "meta": {
                            "e2bfb730-ecaa-11e6-8f88-34363bc7c4c0": {
                                "create": 600000000000,
                                "delete": 600000000000
                            },
                            "schema_version": "1"
                        },
                        "tainted": false
                    },
                    "deposed": [],
                    "provider": "provider.aws"
                },
                "aws_security_group.wp_public_sg": {
                    "type": "aws_security_group",
                    "depends_on": [
                        "aws_vpc.wp_vpc"
                    ],
                    "primary": {
                        "id": "sg-07222787e67828f7a",
                        "attributes": {
                            "arn": "arn:aws:ec2:us-east-1:081499153638:security-group/sg-07222787e67828f7a",
                            "description": "Public Access",
                            "egress.#": "1",
                            "egress.482069346.cidr_blocks.#": "1",
                            "egress.482069346.cidr_blocks.0": "0.0.0.0/0",
                            "egress.482069346.description": "",
                            "egress.482069346.from_port": "0",
                            "egress.482069346.ipv6_cidr_blocks.#": "0",
                            "egress.482069346.prefix_list_ids.#": "0",
                            "egress.482069346.protocol": "-1",
                            "egress.482069346.security_groups.#": "0",
                            "egress.482069346.self": "false",
                            "egress.482069346.to_port": "0",
                            "id": "sg-07222787e67828f7a",
                            "ingress.#": "1",
                            "ingress.2214680975.cidr_blocks.#": "1",
                            "ingress.2214680975.cidr_blocks.0": "0.0.0.0/0",
                            "ingress.2214680975.description": "",
                            "ingress.2214680975.from_port": "80",
                            "ingress.2214680975.ipv6_cidr_blocks.#": "0",
                            "ingress.2214680975.protocol": "tcp",
                            "ingress.2214680975.security_groups.#": "0",
                            "ingress.2214680975.self": "false",
                            "ingress.2214680975.to_port": "80",
                            "name": "wp_public_sg",
                            "owner_id": "081499153638",
                            "revoke_rules_on_delete": "false",
                            "tags.%": "0",
                            "vpc_id": "vpc-08dcceb932c878f08"
                        },
                        "meta": {
                            "e2bfb730-ecaa-11e6-8f88-34363bc7c4c0": {
                                "create": 600000000000,
                                "delete": 600000000000
                            },
                            "schema_version": "1"
                        },
                        "tainted": false
                    },
                    "deposed": [],
                    "provider": "provider.aws"
                },
                "aws_subnet.wp_private1_subnet": {
                    "type": "aws_subnet",
                    "depends_on": [
                        "aws_vpc.wp_vpc",
                        "data.aws_availability_zones.available"
                    ],
                    "primary": {
                        "id": "subnet-07563074add3ed9e9",
                        "attributes": {
                            "assign_ipv6_address_on_creation": "false",
                            "availability_zone": "us-east-1a",
                            "cidr_block": "10.0.3.0/24",
                            "id": "subnet-07563074add3ed9e9",
                            "map_public_ip_on_launch": "false",
                            "tags.%": "1",
                            "tags.Name": "wp_private1_subnet",
                            "vpc_id": "vpc-08dcceb932c878f08"
                        },
                        "meta": {
                            "schema_version": "1"
                        },
                        "tainted": false
                    },
                    "deposed": [],
                    "provider": "provider.aws"
                },
                "aws_subnet.wp_private2_subnet": {
                    "type": "aws_subnet",
                    "depends_on": [
                        "aws_vpc.wp_vpc",
                        "data.aws_availability_zones.available"
                    ],
                    "primary": {
                        "id": "subnet-0f1fca74246e31c33",
                        "attributes": {
                            "assign_ipv6_address_on_creation": "false",
                            "availability_zone": "us-east-1b",
                            "cidr_block": "10.0.4.0/24",
                            "id": "subnet-0f1fca74246e31c33",
                            "map_public_ip_on_launch": "false",
                            "tags.%": "1",
                            "tags.Name": "wp_private2_subnet",
                            "vpc_id": "vpc-08dcceb932c878f08"
                        },
                        "meta": {
                            "schema_version": "1"
                        },
                        "tainted": false
                    },
                    "deposed": [],
                    "provider": "provider.aws"
                },
                "aws_subnet.wp_public1_subnet": {
                    "type": "aws_subnet",
                    "depends_on": [
                        "aws_vpc.wp_vpc",
                        "data.aws_availability_zones.available"
                    ],
                    "primary": {
                        "id": "subnet-06904e349c4a3f07d",
                        "attributes": {
                            "assign_ipv6_address_on_creation": "false",
                            "availability_zone": "us-east-1a",
                            "cidr_block": "10.0.1.0/24",
                            "id": "subnet-06904e349c4a3f07d",
                            "map_public_ip_on_launch": "true",
                            "tags.%": "1",
                            "tags.Name": "wp_public1_subnet",
                            "vpc_id": "vpc-08dcceb932c878f08"
                        },
                        "meta": {
                            "schema_version": "1"
                        },
                        "tainted": false
                    },
                    "deposed": [],
                    "provider": "provider.aws"
                },
                "aws_subnet.wp_public2_subnet": {
                    "type": "aws_subnet",
                    "depends_on": [
                        "aws_vpc.wp_vpc",
                        "data.aws_availability_zones.available"
                    ],
                    "primary": {
                        "id": "subnet-03b8078b11132c026",
                        "attributes": {
                            "assign_ipv6_address_on_creation": "false",
                            "availability_zone": "us-east-1b",
                            "cidr_block": "10.0.2.0/24",
                            "id": "subnet-03b8078b11132c026",
                            "map_public_ip_on_launch": "true",
                            "tags.%": "1",
                            "tags.Name": "wp_public2_subnet",
                            "vpc_id": "vpc-08dcceb932c878f08"
                        },
                        "meta": {
                            "schema_version": "1"
                        },
                        "tainted": false
                    },
                    "deposed": [],
                    "provider": "provider.aws"
                },
                "aws_vpc.wp_vpc": {
                    "type": "aws_vpc",
                    "depends_on": [],
                    "primary": {
                        "id": "vpc-08dcceb932c878f08",
                        "attributes": {
                            "assign_generated_ipv6_cidr_block": "false",
                            "cidr_block": "10.0.0.0/16",
                            "default_network_acl_id": "acl-0f023f317c3a0ef7a",
                            "default_route_table_id": "rtb-07b6a21cc42aefa2e",
                            "default_security_group_id": "sg-0e703e81dd5c25754",
                            "dhcp_options_id": "dopt-fc8b8f87",
                            "enable_classiclink": "false",
                            "enable_classiclink_dns_support": "false",
                            "enable_dns_hostnames": "true",
                            "enable_dns_support": "true",
                            "id": "vpc-08dcceb932c878f08",
                            "instance_tenancy": "default",
                            "main_route_table_id": "rtb-07b6a21cc42aefa2e",
                            "tags.%": "1",
                            "tags.Name": "wp_vpc"
                        },
                        "meta": {
                            "schema_version": "1"
                        },
                        "tainted": false
                    },
                    "deposed": [],
                    "provider": "provider.aws"
                },
                "data.aws_availability_zones.available": {
                    "type": "aws_availability_zones",
                    "depends_on": [],
                    "primary": {
                        "id": "2019-06-03 12:47:17.464259961 +0000 UTC",
                        "attributes": {
                            "id": "2019-06-03 12:47:17.464259961 +0000 UTC",
                            "names.#": "6",
                            "names.0": "us-east-1a",
                            "names.1": "us-east-1b",
                            "names.2": "us-east-1c",
                            "names.3": "us-east-1d",
                            "names.4": "us-east-1e",
                            "names.5": "us-east-1f"
                        },
                        "meta": {},
                        "tainted": false
                    },
                    "deposed": [],
                    "provider": "provider.aws"
                }
            },
            "depends_on": []
        }
    ]
}
